
Microsoft Visual Studio Solution File, Format Version 12.00
# Visual Studio Version 16
VisualStudioVersion = 16.0.30104.148
MinimumVisualStudioVersion = 10.0.40219.1
Project("{FAE04EC0-301F-11D3-BF4B-00C04F79EFBC}") = "UMLCatalog", "UMLCatalog\UMLCatalog.csproj", "{37279004-2AC3-47B8-9F58-FBB9BB6150B2}"
EndProject
Global
	GlobalSection(SolutionConfigurationPlatforms) = preSolution
		Debug|Any CPU = Debug|Any CPU
		Release|Any CPU = Release|Any CPU
	EndGlobalSection
	GlobalSection(ProjectConfigurationPlatforms) = postSolution
		{37279004-2AC3-47B8-9F58-FBB9BB6150B2}.Debug|Any CPU.ActiveCfg = Debug|Any CPU
		{37279004-2AC3-47B8-9F58-FBB9BB6150B2}.Debug|Any CPU.Build.0 = Debug|Any CPU
		{37279004-2AC3-47B8-9F58-FBB9BB6150B2}.Release|Any CPU.ActiveCfg = Release|Any CPU
		{37279004-2AC3-47B8-9F58-FBB9BB6150B2}.Release|Any CPU.Build.0 = Release|Any CPU
	EndGlobalSection
	GlobalSection(SolutionProperties) = preSolution
		HideSolutionNode = FALSE
	EndGlobalSection
	GlobalSection(ExtensibilityGlobals) = postSolution
		SolutionGuid = {BB25C8EE-72DD-448A-BD35-5591110948AE}
	EndGlobalSection
EndGlobal
